
Microsoft Visual Studio Solution File, Format Version 12.00
# Visual Studio 15
VisualStudioVersion = 15.0.27703.2018
MinimumVisualStudioVersion = 10.0.40219.1
Project("{FAE04EC0-301F-11D3-BF4B-00C04F79EFBC}") = "ApiJWT", "ApiJWT\ApiJWT.csproj", "{A2552A88-766E-4FCE-8E62-5E04DB04BC3A}"
EndProject
Global
	GlobalSection(SolutionConfigurationPlatforms) = preSolution
		Debug|Any CPU = Debug|Any CPU
		Release|Any CPU = Release|Any CPU
	EndGlobalSection
	GlobalSection(ProjectConfigurationPlatforms) = postSolution
		{A2552A88-766E-4FCE-8E62-5E04DB04BC3A}.Debug|Any CPU.ActiveCfg = Debug|Any CPU
		{A2552A88-766E-4FCE-8E62-5E04DB04BC3A}.Debug|Any CPU.Build.0 = Debug|Any CPU
		{A2552A88-766E-4FCE-8E62-5E04DB04BC3A}.Release|Any CPU.ActiveCfg = Release|Any CPU
		{A2552A88-766E-4FCE-8E62-5E04DB04BC3A}.Release|Any CPU.Build.0 = Release|Any CPU
	EndGlobalSection
	GlobalSection(SolutionProperties) = preSolution
		HideSolutionNode = FALSE
	EndGlobalSection
	GlobalSection(ExtensibilityGlobals) = postSolution
		SolutionGuid = {D56F085E-1AF2-463D-AD34-1E641ED9851A}
	EndGlobalSection
EndGlobal
